github.com/BurntSushi/toml v0.3.1/go.mod h1:xHWCNGjB5oqiDr8zfno3MHue2Ht5sIBksp03qcyfWMU=
github.com/GoogleIdTokenVerifier/GoogleIdTokenVerifier v0.0.0-20161220031521-f9aca297807f/go.mod h1:nuMVbYCzL9WiC3c6gVi2SEZMouPDtbbWNW4sZrgJcrs=
github.com/aws/aws-lambda-go v1.11.1/go.mod h1:Rr2SMTLeSMKgD45uep9V/NP8tnbCcySgu04cx0k/6cw=
github.com/aws/aws-lambda-go v1.12.1 h1:rMToYOcPFYDixQ7VNNPg78LmiqPgWD5f8zdLL+EsDAk=
github.com/aws/aws-lambda-go v1.12.1/go.mod h1:z4ywteZ5WwbIEzG0tXizIAUlUwkTNNknX4upd5Z5XJM=
github.com/aws/aws-sdk-go v1.18.5/go.mod h1:KmX6BPdI08NWTb3/sm4ZGu5ShLoqVDhKgpiN924inxo=
github.com/aws/aws-sdk-go v1.19.49/go.mod h1:KmX6BPdI08NWTb3/sm4ZGu5ShLoqVDhKgpiN924inxo=
github.com/aws/aws-sdk-go v1.22.3 h1:6hh+6uqguPNPLtnb6rYLJnonwixttKMbvZYWVUdms98=
github.com/aws/aws-sdk-go v1.22.3/go.mod h1:KmX6BPdI08NWTb3/sm4ZGu5ShLoqVDhKgpiN924inxo=
github.com/cenkalti/backoff v2.1.1+incompatible h1:tKJnvO2kl0zmb/jA5UKAt4VoEVw1qxKWjE/Bpp46npY=
github.com/cenkalti/backoff v2.1.1+incompatible/go.mod h1:90ReRw6GdpyfrHakVjL/QHaoyV4aDUVVkXQJJJ3NXXM=
github.com/davecgh/go-spew v1.1.0/go.mod h1:J7Y8YcW2NihsgmVo/mv3lAwl/skON4iLHjSsI+c5H38=
github.com/davecgh/go-spew v1.1.1 h1:vj9j/u1bqnvCEfJOwUhtlOARqs3+rkHYY13jYWTU97c=
github.com/davecgh/go-spew v1.1.1/go.mod h1:J7Y8YcW2NihsgmVo/mv3lAwl/skON4iLHjSsI+c5H38=
github.com/gbrlsnchs/jwt/v2 v2.0.0/go.mod h1:7kIj4oeJPffUpLL8RnU5Y3xT1Sm/VuFqjv8T1tqhqc8=
github.com/gbrlsnchs/jwt/v3 v3.0.0-beta.0 h1:aNKrhvte4XtVvQelq6y0RNxw03rerU5GZ6rDuJGZyV0=
github.com/gbrlsnchs/jwt/v3 v3.0.0-beta.0/go.mod h1:TVblxrqSCH+1E5/cCnEt7sCDb1brRErn25lltKJBQAw=
github.com/gofrs/uuid v3.2.0+incompatible h1:y12jRkkFxsd7GpqdSZ+/KCs/fJbqpEXSGd4+jfEaewE=
github.com/gofrs/uuid v3.2.0+incompatible/go.mod h1:b2aQJv3Z4Fp6yNu3cdSllBxTCLRxnplIgP/c0N/04lM=
github.com/gomodule/oauth1 v0.0.0-20181215000758-9a59ed3b0a84/go.mod h1:4r/a8/3RkhMBxJQWL5qzbOEcaQmNPIkNoI7P8sXeI08=
github.com/guregu/dynamo v1.2.1/go.mod h1:ZS3tuE64ykQlCnuGfOnAi+ztGZlq0Wo/z5EVQA1fwFY=
github.com/guregu/dynamo v1.3.1 h1:6Er2ymWOnLezka13fihPJO/VhWivpjbHmzU3p2EWoaM=
github.com/guregu/dynamo v1.3.1/go.mod h1:ZS3tuE64ykQlCnuGfOnAi+ztGZlq0Wo/z5EVQA1fwFY=
github.com/jmespath/go-jmespath v0.0.0-20180206201540-c2b33e8439af h1:pmfjZENx5imkbgOkpRUYLnmbU7UEFbjtDA2hxJ1ichM=
github.com/jmespath/go-jmespath v0.0.0-20180206201540-c2b33e8439af/go.mod h1:Nht3zPeWKUH0NzdCt2Blrr5ys8VGpn0CEB0cQHVjt7k=
github.com/myuon/provenian v0.0.0-20190811103508-5a13a6fb5159 h1:k2Jkexfy5KB8It0jaNkNAcQs78iyzoVLSOzOkIhUptk=
github.com/pkg/errors v0.8.1/go.mod h1:bwawxfHBFNV+L2hUp1rHADufV3IMtnDRdf1r5NINEl0=
github.com/pmezard/go-difflib v1.0.0 h1:4DBwDE0NGyQoBHbLQYPwSUPoCMWR5BEzIk/f1lZbAQM=
github.com/pmezard/go-difflib v1.0.0/go.mod h1:iKH77koFhYxTK1pcRnkKkqfTogsbg7gZNVY4sRDYZ/4=
github.com/portals-me/account v0.0.0-20190801082223-bd4bc42203a4 h1:GlPrkQdRgd/ZaeS0xkHWgaIPCPFgGkFv4p5VX8HLrVk=
github.com/portals-me/account v0.0.0-20190801082223-bd4bc42203a4/go.mod h1:1xK/FxD4yEdTrPT0bVR/LvkG1iLkzVC44BHHidbTJgg=
github.com/satori/go.uuid v1.2.0 h1:0uYX9dsZ2yD7q2RtLRtPSdGDWzjeM3TbMJP9utgA0ww=
github.com/satori/go.uuid v1.2.0/go.mod h1:dA0hQrYB0VpLJoorglMZABFdXlWrHn1NEOzdhQKdks0=
github.com/stretchr/objx v0.1.0/go.mod h1:HFkY916IF+rwdDfMAkV7OtwuqBVzrE8GR6GFx+wExME=
github.com/stretchr/testify v1.2.1/go.mod h1:a8OnRcib4nhh0OaRAV+Yts87kKdq0PP7pXfy6kDkUVs=
github.com/stretchr/testify v1.3.0 h1:TivCn/peBQ7UY8ooIcPgZFpTNSz0Q2U6UrFlUfqbe0Q=
github.com/stretchr/testify v1.3.0/go.mod h1:M5WIy9Dh21IEIfnGCwXGc5bZfKNJtfHm1UVUgZn+9EI=
github.com/urfave/cli v1.21.0/go.mod h1:lxDj6qX9Q6lWQxIrbrT0nwecwUtRnhVZAJjJZrVUZZQ=
golang.org/x/crypto v0.0.0-20190211182817-74369b46fc67/go.mod h1:6SG95UA2DQfeDnfUPMdvaQW0Q7yPrPDi9nlGo2tz2b4=
golang.org/x/crypto v0.0.0-20190308221718-c2843e01d9a2 h1:VklqNMn3ovrHsnt90PveolxSbWFaJdECFbxSq0Mqo2M=
golang.org/x/crypto v0.0.0-20190308221718-c2843e01d9a2/go.mod h1:djNgcEr1/C05ACkg1iLfiJU5Ep61QUkGW8qpdssI0+w=
golang.org/x/net v0.0.0-20190318221613-d196dffd7c2b h1:ZWpVMTsK0ey5WJCu+vVdfMldWq7/ezaOcjnKWIHWVkE=
golang.org/x/net v0.0.0-20190318221613-d196dffd7c2b/go.mod h1:t9HGtf8HONx5eT2rtn7q6eTqICYqUVnKs3thJo3Qplg=
golang.org/x/sys v0.0.0-20190215142949-d0b11bdaac8a/go.mod h1:STP8DvDyc/dI5b8T5hshtkjS+E42TnysNCUPdjciGhY=
golang.org/x/text v0.3.0 h1:g61tztE5qeGQ89tm6NTjjM9VPIm088od1l6aSorWRWg=
golang.org/x/text v0.3.0/go.mod h1:NqM8EUOU14njkJ3fqMW+pc6Ldnwhi/IjpwHt7yyuwOQ=
gopkg.in/check.v1 v0.0.0-20161208181325-20d25e280405 h1:yhCVgyC4o1eVCa2tZl7eS0r+SDo693bJlVdllGtEeKM=
gopkg.in/check.v1 v0.0.0-20161208181325-20d25e280405/go.mod h1:Co6ibVJAznAaIkqp8huTwlJQCZ016jof/cbN4VW5Yz0=
gopkg.in/urfave/cli.v1 v1.20.0/go.mod h1:vuBzUtMdQeixQj8LVd+/98pzhxNGQoyuPBlsXHOQNO0=
gopkg.in/yaml.v2 v2.2.2/go.mod h1:hI93XBmqTisBFMUTm0b8Fm+jr3Dg1NNxqwp+5A1VGuI=
